
Microsoft Visual Studio Solution File, Format Version 12.00
# Visual Studio Version 16
VisualStudioVersion = 16.0.810.16
MinimumVisualStudioVersion = 10.0.40219.1
Project("{FAE04EC0-301F-11D3-BF4B-00C04F79EFBC}") = "LueftySS_Server", "LueftySS_Server\LueftySS_Server.csproj", "{0570C251-C5A8-4096-9603-40533F7F1B01}"
EndProject
Global
	GlobalSection(SolutionConfigurationPlatforms) = preSolution
		Debug|Any CPU = Debug|Any CPU
		Release|Any CPU = Release|Any CPU
	EndGlobalSection
	GlobalSection(ProjectConfigurationPlatforms) = postSolution
		{0570C251-C5A8-4096-9603-40533F7F1B01}.Debug|Any CPU.ActiveCfg = Debug|Any CPU
		{0570C251-C5A8-4096-9603-40533F7F1B01}.Debug|Any CPU.Build.0 = Debug|Any CPU
		{0570C251-C5A8-4096-9603-40533F7F1B01}.Release|Any CPU.ActiveCfg = Release|Any CPU
		{0570C251-C5A8-4096-9603-40533F7F1B01}.Release|Any CPU.Build.0 = Release|Any CPU
	EndGlobalSection
	GlobalSection(SolutionProperties) = preSolution
		HideSolutionNode = FALSE
	EndGlobalSection
	GlobalSection(ExtensibilityGlobals) = postSolution
		SolutionGuid = {6C158EA6-AE96-4C42-AA42-ECBD22C180BE}
	EndGlobalSection
EndGlobal
